lockfileVersion: 5.4

specifiers:
  '@types/fs-extra': ^11.0.4
  '@types/node': ^20.17.28
  csv-parser: ^3.2.0
  typescript: ^5.8.2

dependencies:
  csv-parser: 3.2.0

devDependencies:
  '@types/fs-extra': 11.0.4
  '@types/node': 20.17.28
  typescript: 5.8.2

packages:

  /@types/fs-extra/11.0.4:
    resolution: {integrity: sha512-yTbItCNreRooED33qjunPthRcSjERP1r4MqCZc7wv0u2sUkzTFp45tgUfS5+r7FrZPdmCCNflLhVSP/o+SemsQ==}
    dependencies:
      '@types/jsonfile': 6.1.4
      '@types/node': 20.17.28
    dev: true

  /@types/jsonfile/6.1.4:
    resolution: {integrity: sha512-D5qGUYwjvnNNextdU59/+fI+spnwtTFmyQP0h+PfIOSkNfpU6AOICUOkm4i0OnSk+NyjdPJrxCDro0sJsWlRpQ==}
    dependencies:
      '@types/node': 20.17.28
    dev: true

  /@types/node/20.17.28:
    resolution: {integrity: sha512-DHlH/fNL6Mho38jTy7/JT7sn2wnXI+wULR6PV4gy4VHLVvnrV/d3pHAMQHhc4gjdLmK2ZiPoMxzp6B3yRajLSQ==}
    dependencies:
      undici-types: 6.19.8
    dev: true

  /csv-parser/3.2.0:
    resolution: {integrity: sha512-fgKbp+AJbn1h2dcAHKIdKNSSjfp43BZZykXsCjzALjKy80VXQNHPFJ6T9Afwdzoj24aMkq8GwDS7KGcDPpejrA==}
    engines: {node: '>= 10'}
    hasBin: true
    dev: false

  /typescript/5.8.2:
    resolution: {integrity: sha512-aJn6wq13/afZp/jT9QZmwEjDqqvSGp1VT5GVg+f/t6/oVyrgXM6BY1h9BRh/O5p3PlUPAe+WuiEZOmb/49RqoQ==}
    engines: {node: '>=14.17'}
    hasBin: true
    dev: true

  /undici-types/6.19.8:
    resolution: {integrity: sha512-ve2KP6f/JnbPBFyobGHuerC9g1FYGn/F8n1LWTwNxCEzd6IfqTwUQcNXgEtmmQ6DlRrC1hrSrBnCZPokRrDHjw==}
    dev: true
